
Microsoft Visual Studio Solution File, Format Version 12.00
# Visual Studio Version 17
VisualStudioVersion = 17.5.002.0
MinimumVisualStudioVersion = 10.0.40219.1
Project("{9A19103F-16F7-4668-BE54-9A1E7A4F7556}") = "APL2003", "APL2003.csproj", "{A797B4A1-1154-4669-B8AD-60E32FCE6AC1}"
EndProject
Global
	GlobalSection(SolutionConfigurationPlatforms) = preSolution
		Debug|Any CPU = Debug|Any CPU
		Release|Any CPU = Release|Any CPU
	EndGlobalSection
	GlobalSection(ProjectConfigurationPlatforms) = postSolution
		{A797B4A1-1154-4669-B8AD-60E32FCE6AC1}.Debug|Any CPU.ActiveCfg = Debug|Any CPU
		{A797B4A1-1154-4669-B8AD-60E32FCE6AC1}.Debug|Any CPU.Build.0 = Debug|Any CPU
		{A797B4A1-1154-4669-B8AD-60E32FCE6AC1}.Release|Any CPU.ActiveCfg = Release|Any CPU
		{A797B4A1-1154-4669-B8AD-60E32FCE6AC1}.Release|Any CPU.Build.0 = Release|Any CPU
	EndGlobalSection
	GlobalSection(SolutionProperties) = preSolution
		HideSolutionNode = FALSE
	EndGlobalSection
	GlobalSection(ExtensibilityGlobals) = postSolution
		SolutionGuid = {61FB97D3-1C1C-4B2D-9C88-3E300F56D63A}
	EndGlobalSection
EndGlobal
